
Microsoft Visual Studio Solution File, Format Version 12.00
# Visual Studio Version 16
VisualStudioVersion = 16.0.30114.105
MinimumVisualStudioVersion = 10.0.40219.1
Project("{FAE04EC0-301F-11D3-BF4B-00C04F79EFBC}") = "SaasBerry_DemoApplication", "SaasBerry_DemoApplicatiom\SaasBerry_DemoApplication.csproj", "{7944ED0B-AFC6-4CC6-A7A4-EBCD2B1A7BE4}"
EndProject
Project("{FAE04EC0-301F-11D3-BF4B-00C04F79EFBC}") = "DemoApp.Data", "DemoApp.Data\DemoApp.Data.csproj", "{C1D2D2C8-783A-4AF0-AA04-F4EBF3915C55}"
EndProject
Global
	GlobalSection(SolutionConfigurationPlatforms) = preSolution
		Debug|Any CPU = Debug|Any CPU
		Release|Any CPU = Release|Any CPU
	EndGlobalSection
	GlobalSection(ProjectConfigurationPlatforms) = postSolution
		{7944ED0B-AFC6-4CC6-A7A4-EBCD2B1A7BE4}.Debug|Any CPU.ActiveCfg = Debug|Any CPU
		{7944ED0B-AFC6-4CC6-A7A4-EBCD2B1A7BE4}.Debug|Any CPU.Build.0 = Debug|Any CPU
		{7944ED0B-AFC6-4CC6-A7A4-EBCD2B1A7BE4}.Release|Any CPU.ActiveCfg = Release|Any CPU
		{7944ED0B-AFC6-4CC6-A7A4-EBCD2B1A7BE4}.Release|Any CPU.Build.0 = Release|Any CPU
		{C1D2D2C8-783A-4AF0-AA04-F4EBF3915C55}.Debug|Any CPU.ActiveCfg = Debug|Any CPU
		{C1D2D2C8-783A-4AF0-AA04-F4EBF3915C55}.Debug|Any CPU.Build.0 = Debug|Any CPU
		{C1D2D2C8-783A-4AF0-AA04-F4EBF3915C55}.Release|Any CPU.ActiveCfg = Release|Any CPU
		{C1D2D2C8-783A-4AF0-AA04-F4EBF3915C55}.Release|Any CPU.Build.0 = Release|Any CPU
	EndGlobalSection
	GlobalSection(SolutionProperties) = preSolution
		HideSolutionNode = FALSE
	EndGlobalSection
	GlobalSection(ExtensibilityGlobals) = postSolution
		SolutionGuid = {A5F82722-26D5-429B-8C16-C6CFA34E57B1}
	EndGlobalSection
EndGlobal
